// !$*UTF8*$!
{
	archiveVersion = 1;
	classes = {
	};
	objectVersion = 46;
	objects = {

/* Begin PBXBuildFile section */
		0365D3049D68213975B76191 /* Pods_FirebaseStorageSample.framework in Frameworks */ = {isa = PBXBuildFile; fileRef = 760F5549B7BAB0083A23A7D1 /* Pods_FirebaseStorageSample.framework */; };
		220AB0D61EFDC8D800D604CC /* AppDelegate.swift in Sources */ = {isa = PBXBuildFile; fileRef = 220AB0D51EFDC8D800D604CC /* AppDelegate.swift */; };
		220AB0D81EFDC8D800D604CC /* MainVC.swift in Sources */ = {isa = PBXBuildFile; fileRef = 220AB0D71EFDC8D800D604CC /* MainVC.swift */; };
		220AB0DB1EFDC8D800D604CC /* Main.storyboard in Resources */ = {isa = PBXBuildFile; fileRef = 220AB0D91EFDC8D800D604CC /* Main.storyboard */; };
		220AB0DD1EFDC8D800D604CC /* Assets.xcassets in Resources */ = {isa = PBXBuildFile; fileRef = 220AB0DC1EFDC8D800D604CC /* Assets.xcassets */; };
		220AB0E01EFDC8D800D604CC /* LaunchScreen.storyboard in Resources */ = {isa = PBXBuildFile; fileRef = 220AB0DE1EFDC8D800D604CC /* LaunchScreen.storyboard */; };
		220AB0EB1EFDCBC800D604CC /* GoogleService-Info.plist in Resources */ = {isa = PBXBuildFile; fileRef = 220AB0EA1EFDCBC800D604CC /* GoogleService-Info.plist */; };
		229BE0951F51A6450046274C /* MainVC_ImagePicker.swift in Sources */ = {isa = PBXBuildFile; fileRef = 229BE0941F51A6450046274C /* MainVC_ImagePicker.swift */; };
/* End PBXBuildFile section */

/* Begin PBXFileReference section */
		19FB94849BF33DA5D8A20804 /* Pods-FirebaseStorageSample.debug.xcconfig */ = {isa = PBXFileReference; includeInIndex = 1; lastKnownFileType = text.xcconfig; name = "Pods-FirebaseStorageSample.debug.xcconfig"; path = "Pods/Target Support Files/Pods-FirebaseStorageSample/Pods-FirebaseStorageSample.debug.xcconfig"; sourceTree = "<group>"; };
		220AB0D21EFDC8D800D604CC /* FirebaseStorageSample.app */ = {isa = PBXFileReference; explicitFileType = wrapper.application; includeInIndex = 0; path = FirebaseStorageSample.app; sourceTree = BUILT_PRODUCTS_DIR; };
		220AB0D51EFDC8D800D604CC /* AppDelegate.swift */ = {isa = PBXFileReference; lastKnownFileType = sourcecode.swift; path = AppDelegate.swift; sourceTree = "<group>"; };
		220AB0D71EFDC8D800D604CC /* MainVC.swift */ = {isa = PBXFileReference; lastKnownFileType = sourcecode.swift; path = MainVC.swift; sourceTree = "<group>"; };
		220AB0DA1EFDC8D800D604CC /* Base */ = {isa = PBXFileReference; lastKnownFileType = file.storyboard; name = Base; path = Base.lproj/Main.storyboard; sourceTree = "<group>"; };
		220AB0DC1EFDC8D800D604CC /* Assets.xcassets */ = {isa = PBXFileReference; lastKnownFileType = folder.assetcatalog; path = Assets.xcassets; sourceTree = "<group>"; };
		220AB0DF1EFDC8D800D604CC /* Base */ = {isa = PBXFileReference; lastKnownFileType = file.storyboard; name = Base; path = Base.lproj/LaunchScreen.storyboard; sourceTree = "<group>"; };
		220AB0E11EFDC8D800D604CC /* Info.plist */ = {isa = PBXFileReference; lastKnownFileType = text.plist.xml; path = Info.plist; sourceTree = "<group>"; };
		220AB0EA1EFDCBC800D604CC /* GoogleService-Info.plist */ = {isa = PBXFileReference; fileEncoding = 4; lastKnownFileType = text.plist.xml; path = "GoogleService-Info.plist"; sourceTree = "<group>"; };
		229BE0941F51A6450046274C /* MainVC_ImagePicker.swift */ = {isa = PBXFileReference; lastKnownFileType = sourcecode.swift; path = MainVC_ImagePicker.swift; sourceTree = "<group>"; };
		2EA7F8E9CF7A131A0565B1A7 /* Pods-FirebaseStorageSample.release.xcconfig */ = {isa = PBXFileReference; includeInIndex = 1; lastKnownFileType = text.xcconfig; name = "Pods-FirebaseStorageSample.release.xcconfig"; path = "Pods/Target Support Files/Pods-FirebaseStorageSample/Pods-FirebaseStorageSample.release.xcconfig"; sourceTree = "<group>"; };
		760F5549B7BAB0083A23A7D1 /* Pods_FirebaseStorageSample.framework */ = {isa = PBXFileReference; explicitFileType = wrapper.framework; includeInIndex = 0; path = Pods_FirebaseStorageSample.framework; sourceTree = BUILT_PRODUCTS_DIR; };
/* End PBXFileReference section */

/* Begin PBXFrameworksBuildPhase section */
		220AB0CF1EFDC8D800D604CC /* Frameworks */ = {
			isa = PBXFrameworksBuildPhase;
			buildActionMask = 2147483647;
			files = (
				0365D3049D68213975B76191 /* Pods_FirebaseStorageSample.framework in Frameworks */,
			);
			runOnlyForDeploymentPostprocessing = 0;
		};
/* End PBXFrameworksBuildPhase section */

/* Begin PBXGroup section */
		16C3A8E7EB9B7777E3773892 /* Pods */ = {
			isa = PBXGroup;
			children = (
				19FB94849BF33DA5D8A20804 /* Pods-FirebaseStorageSample.debug.xcconfig */,
				2EA7F8E9CF7A131A0565B1A7 /* Pods-FirebaseStorageSample.release.xcconfig */,
			);
			name = Pods;
			sourceTree = "<group>";
		};
		220AB0C91EFDC8D800D604CC = {
			isa = PBXGroup;
			children = (
				220AB0D41EFDC8D800D604CC /* FirebaseStorageSample */,
				220AB0D31EFDC8D800D604CC /* Products */,
				16C3A8E7EB9B7777E3773892 /* Pods */,
				746A59533BB9E6BCD0EF8A21 /* Frameworks */,
			);
			sourceTree = "<group>";
		};
		220AB0D31EFDC8D800D604CC /* Products */ = {
			isa = PBXGroup;
			children = (
				220AB0D21EFDC8D800D604CC /* FirebaseStorageSample.app */,
			);
			name = Products;
			sourceTree = "<group>";
		};
		220AB0D41EFDC8D800D604CC /* FirebaseStorageSample */ = {
			isa = PBXGroup;
			children = (
				229BE0931F51A62D0046274C /* Extension */,
				220AB0E71EFDC96C00D604CC /* Model */,
				220AB0E81EFDC97100D604CC /* View */,
				220AB0E91EFDC97600D604CC /* Controller */,
				220AB0D51EFDC8D800D604CC /* AppDelegate.swift */,
				220AB0D91EFDC8D800D604CC /* Main.storyboard */,
				220AB0DC1EFDC8D800D604CC /* Assets.xcassets */,
				220AB0DE1EFDC8D800D604CC /* LaunchScreen.storyboard */,
				220AB0EA1EFDCBC800D604CC /* GoogleService-Info.plist */,
				220AB0E11EFDC8D800D604CC /* Info.plist */,
			);
			path = FirebaseStorageSample;
			sourceTree = "<group>";
		};
		220AB0E71EFDC96C00D604CC /* Model */ = {
			isa = PBXGroup;
			children = (
			);
			name = Model;
			sourceTree = "<group>";
		};
		220AB0E81EFDC97100D604CC /* View */ = {
			isa = PBXGroup;
			children = (
			);
			name = View;
			sourceTree = "<group>";
		};
		220AB0E91EFDC97600D604CC /* Controller */ = {
			isa = PBXGroup;
			children = (
				220AB0D71EFDC8D800D604CC /* MainVC.swift */,
			);
			name = Controller;
			sourceTree = "<group>";
		};
		229BE0931F51A62D0046274C /* Extension */ = {
			isa = PBXGroup;
			children = (
				229BE0941F51A6450046274C /* MainVC_ImagePicker.swift */,
			);
			name = Extension;
			sourceTree = "<group>";
		};
		746A59533BB9E6BCD0EF8A21 /* Frameworks */ = {
			isa = PBXGroup;
			children = (
				760F5549B7BAB0083A23A7D1 /* Pods_FirebaseStorageSample.framework */,
			);
			name = Frameworks;
			sourceTree = "<group>";
		};
/* End PBXGroup section */

/* Begin PBXNativeTarget section */
		220AB0D11EFDC8D800D604CC /* FirebaseStorageSample */ = {
			isa = PBXNativeTarget;
			buildConfigurationList = 220AB0E41EFDC8D800D604CC /* Build configuration list for PBXNativeTarget "FirebaseStorageSample" */;
			buildPhases = (
				7F45C47EE86898F8546D293A /* [CP] Check Pods Manifest.lock */,
				220AB0CE1EFDC8D800D604CC /* Sources */,
				220AB0CF1EFDC8D800D604CC /* Frameworks */,
				220AB0D01EFDC8D800D604CC /* Resources */,
				113431BC15F2E3B1F9334361 /* [CP] Embed Pods Frameworks */,
				3C41405821F3079D0D65F8A7 /* [CP] Copy Pods Resources */,
			);
			buildRules = (
			);
			dependencies = (
			);
			name = FirebaseStorageSample;
			productName = FirebaseStorageSample;
			productReference = 220AB0D21EFDC8D800D604CC /* FirebaseStorageSample.app */;
			productType = "com.apple.product-type.application";
		};
/* End PBXNativeTarget section */

/* Begin PBXProject section */
		220AB0CA1EFDC8D800D604CC /* Project object */ = {
			isa = PBXProject;
			attributes = {
				LastSwiftUpdateCheck = 0830;
				LastUpgradeCheck = 0830;
				ORGANIZATIONNAME = "Douglas Spencer";
				TargetAttributes = {
					220AB0D11EFDC8D800D604CC = {
						CreatedOnToolsVersion = 8.3.3;
						DevelopmentTeam = Z6KXG7589J;
						ProvisioningStyle = Automatic;
					};
				};
			};
			buildConfigurationList = 220AB0CD1EFDC8D800D604CC /* Build configuration list for PBXProject "FirebaseStorageSample" */;
			compatibilityVersion = "Xcode 3.2";
			developmentRegion = English;
			hasScannedForEncodings = 0;
			knownRegions = (
				en,
				Base,
			);
			mainGroup = 220AB0C91EFDC8D800D604CC;
			productRefGroup = 220AB0D31EFDC8D800D604CC /* Products */;
			projectDirPath = "";
			projectRoot = "";
			targets = (
				220AB0D11EFDC8D800D604CC /* FirebaseStorageSample */,
			);
		};
/* End PBXProject section */

/* Begin PBXResourcesBuildPhase section */
		220AB0D01EFDC8D800D604CC /* Resources */ = {
			isa = PBXResourcesBuildPhase;
			buildActionMask = 2147483647;
			files = (
				220AB0E01EFDC8D800D604CC /* LaunchScreen.storyboard in Resources */,
				220AB0EB1EFDCBC800D604CC /* GoogleService-Info.plist in Resources */,
				220AB0DD1EFDC8D800D604CC /* Assets.xcassets in Resources */,
				220AB0DB1EFDC8D800D604CC /* Main.storyboard in Resources */,
			);
			runOnlyForDeploymentPostprocessing = 0;
		};
/* End PBXResourcesBuildPhase section */

/* Begin PBXShellScriptBuildPhase section */
		113431BC15F2E3B1F9334361 /* [CP] Embed Pods Frameworks */ = {
			isa = PBXShellScriptBuildPhase;
			buildActionMask = 2147483647;
			files = (
			);
			inputPaths = (
			);
			name = "[CP] Embed Pods Frameworks";
			outputPaths = (
			);
			runOnlyForDeploymentPostprocessing = 0;
			shellPath = /bin/sh;
			shellScript = "\"${SRCROOT}/Pods/Target Support Files/Pods-FirebaseStorageSample/Pods-FirebaseStorageSample-frameworks.sh\"\n";
			showEnvVarsInLog = 0;
		};
		3C41405821F3079D0D65F8A7 /* [CP] Copy Pods Resources */ = {
			isa = PBXShellScriptBuildPhase;
			buildActionMask = 2147483647;
			files = (
			);
			inputPaths = (
			);
			name = "[CP] Copy Pods Resources";
			outputPaths = (
			);
			runOnlyForDeploymentPostprocessing = 0;
			shellPath = /bin/sh;
			shellScript = "\"${SRCROOT}/Pods/Target Support Files/Pods-FirebaseStorageSample/Pods-FirebaseStorageSample-resources.sh\"\n";
			showEnvVarsInLog = 0;
		};
		7F45C47EE86898F8546D293A /* [CP] Check Pods Manifest.lock */ = {
			isa = PBXShellScriptBuildPhase;
			buildActionMask = 2147483647;
			files = (
			);
			inputPaths = (
			);
			name = "[CP] Check Pods Manifest.lock";
			outputPaths = (
			);
			runOnlyForDeploymentPostprocessing = 0;
			shellPath = /bin/sh;
			shellScript = "diff \"${PODS_ROOT}/../Podfile.lock\" \"${PODS_ROOT}/Manifest.lock\" > /dev/null\nif [ $? != 0 ] ; then\n    # print error to STDERR\n    echo \"error: The sandbox is not in sync with the Podfile.lock. Run 'pod install' or update your CocoaPods installation.\" >&2\n    exit 1\nfi\n";
			showEnvVarsInLog = 0;
		};
/* End PBXShellScriptBuildPhase section */

/* Begin PBXSourcesBuildPhase section */
		220AB0CE1EFDC8D800D604CC /* Sources */ = {
			isa = PBXSourcesBuildPhase;
			buildActionMask = 2147483647;
			files = (
				220AB0D81EFDC8D800D604CC /* MainVC.swift in Sources */,
				220AB0D61EFDC8D800D604CC /* AppDelegate.swift in Sources */,
				229BE0951F51A6450046274C /* MainVC_ImagePicker.swift in Sources */,
			);
			runOnlyForDeploymentPostprocessing = 0;
		};
/* End PBXSourcesBuildPhase section */

/* Begin PBXVariantGroup section */
		220AB0D91EFDC8D800D604CC /* Main.storyboard */ = {
			isa = PBXVariantGroup;
			children = (
				220AB0DA1EFDC8D800D604CC /* Base */,
			);
			name = Main.storyboard;
			sourceTree = "<group>";
		};
		220AB0DE1EFDC8D800D604CC /* LaunchScreen.storyboard */ = {
			isa = PBXVariantGroup;
			children = (
				220AB0DF1EFDC8D800D604CC /* Base */,
			);
			name = LaunchScreen.storyboard;
			sourceTree = "<group>";
		};
/* End PBXVariantGroup section */

/* Begin XCBuildConfiguration section */
		220AB0E21EFDC8D800D604CC /* Debug */ = {
			isa = XCBuildConfiguration;
			buildSettings = {
				ALWAYS_SEARCH_USER_PATHS = NO;
				CLANG_ANALYZER_NONNULL = YES;
				CLANG_ANALYZER_NUMBER_OBJECT_CONVERSION = YES_AGGRESSIVE;
				CLANG_CXX_LANGUAGE_STANDARD = "gnu++0x";
				CLANG_CXX_LIBRARY = "libc++";
				CLANG_ENABLE_MODULES = YES;
				CLANG_ENABLE_OBJC_ARC = YES;
				CLANG_WARN_BOOL_CONVERSION = YES;
				CLANG_WARN_CONSTANT_CONVERSION = YES;
				CLANG_WARN_DIRECT_OBJC_ISA_USAGE = YES_ERROR;
				CLANG_WARN_DOCUMENTATION_COMMENTS = YES;
				CLANG_WARN_EMPTY_BODY = YES;
				CLANG_WARN_ENUM_CONVERSION = YES;
				CLANG_WARN_INFINITE_RECURSION = YES;
				CLANG_WARN_INT_CONVERSION = YES;
				CLANG_WARN_OBJC_ROOT_CLASS = YES_ERROR;
				CLANG_WARN_SUSPICIOUS_MOVE = YES;
				CLANG_WARN_UNREACHABLE_CODE = YES;
				CLANG_WARN__DUPLICATE_METHOD_MATCH = YES;
				"CODE_SIGN_IDENTITY[sdk=iphoneos*]" = "iPhone Developer";
				COPY_PHASE_STRIP = NO;
				DEBUG_INFORMATION_FORMAT = dwarf;
				ENABLE_STRICT_OBJC_MSGSEND = YES;
				ENABLE_TESTABILITY = YES;
				GCC_C_LANGUAGE_STANDARD = gnu99;
				GCC_DYNAMIC_NO_PIC = NO;
				GCC_NO_COMMON_BLOCKS = YES;
				GCC_OPTIMIZATION_LEVEL = 0;
				GCC_PREPROCESSOR_DEFINITIONS = (
					"DEBUG=1",
					"$(inherited)",
				);
				GCC_WARN_64_TO_32_BIT_CONVERSION = YES;
				GCC_WARN_ABOUT_RETURN_TYPE = YES_ERROR;
				GCC_WARN_UNDECLARED_SELECTOR = YES;
				GCC_WARN_UNINITIALIZED_AUTOS = YES_AGGRESSIVE;
				GCC_WARN_UNUSED_FUNCTION = YES;
				GCC_WARN_UNUSED_VARIABLE = YES;
				IPHONEOS_DEPLOYMENT_TARGET = 10.3;
				MTL_ENABLE_DEBUG_INFO = YES;
				ONLY_ACTIVE_ARCH = YES;
				SDKROOT = iphoneos;
				SWIFT_ACTIVE_COMPILATION_CONDITIONS = DEBUG;
				SWIFT_OPTIMIZATION_LEVEL = "-Onone";
			};
			name = Debug;
		};
		220AB0E31EFDC8D800D604CC /* Release */ = {
			isa = XCBuildConfiguration;
			buildSettings = {
				ALWAYS_SEARCH_USER_PATHS = NO;
				CLANG_ANALYZER_NONNULL = YES;
				CLANG_ANALYZER_NUMBER_OBJECT_CONVERSION = YES_AGGRESSIVE;
				CLANG_CXX_LANGUAGE_STANDARD = "gnu++0x";
				CLANG_CXX_LIBRARY = "libc++";
				CLANG_ENABLE_MODULES = YES;
				CLANG_ENABLE_OBJC_ARC = YES;
				CLANG_WARN_BOOL_CONVERSION = YES;
				CLANG_WARN_CONSTANT_CONVERSION = YES;
				CLANG_WARN_DIRECT_OBJC_ISA_USAGE = YES_ERROR;
				CLANG_WARN_DOCUMENTATION_COMMENTS = YES;
				CLANG_WARN_EMPTY_BODY = YES;
				CLANG_WARN_ENUM_CONVERSION = YES;
				CLANG_WARN_INFINITE_RECURSION = YES;
				CLANG_WARN_INT_CONVERSION = YES;
				CLANG_WARN_OBJC_ROOT_CLASS = YES_ERROR;
				CLANG_WARN_SUSPICIOUS_MOVE = YES;
				CLANG_WARN_UNREACHABLE_CODE = YES;
				CLANG_WARN__DUPLICATE_METHOD_MATCH = YES;
				"CODE_SIGN_IDENTITY[sdk=iphoneos*]" = "iPhone Developer";
				COPY_PHASE_STRIP = NO;
				DEBUG_INFORMATION_FORMAT = "dwarf-with-dsym";
				ENABLE_NS_ASSERTIONS = NO;
				ENABLE_STRICT_OBJC_MSGSEND = YES;
				GCC_C_LANGUAGE_STANDARD = gnu99;
				GCC_NO_COMMON_BLOCKS = YES;
				GCC_WARN_64_TO_32_BIT_CONVERSION = YES;
				GCC_WARN_ABOUT_RETURN_TYPE = YES_ERROR;
				GCC_WARN_UNDECLARED_SELECTOR = YES;
				GCC_WARN_UNINITIALIZED_AUTOS = YES_AGGRESSIVE;
				GCC_WARN_UNUSED_FUNCTION = YES;
				GCC_WARN_UNUSED_VARIABLE = YES;
				IPHONEOS_DEPLOYMENT_TARGET = 10.3;
				MTL_ENABLE_DEBUG_INFO = NO;
				SDKROOT = iphoneos;
				SWIFT_OPTIMIZATION_LEVEL = "-Owholemodule";
				VALIDATE_PRODUCT = YES;
			};
			name = Release;
		};
		220AB0E51EFDC8D800D604CC /* Debug */ = {
			isa = XCBuildConfiguration;
			baseConfigurationReference = 19FB94849BF33DA5D8A20804 /* Pods-FirebaseStorageSample.debug.xcconfig */;
			buildSettings = {
				ASSETCATALOG_COMPILER_APPICON_NAME = AppIcon;
				DEVELOPMENT_TEAM = Z6KXG7589J;
				INFOPLIST_FILE = FirebaseStorageSample/Info.plist;
				LD_RUNPATH_SEARCH_PATHS = "$(inherited) @executable_path/Frameworks";
				PRODUCT_BUNDLE_IDENTIFIER = com.IdleStack.FirebaseStorageSample;
				PRODUCT_NAME = "$(TARGET_NAME)";
				SWIFT_VERSION = 3.0;
			};
			name = Debug;
		};
		220AB0E61EFDC8D800D604CC /* Release */ = {
			isa = XCBuildConfiguration;
			baseConfigurationReference = 2EA7F8E9CF7A131A0565B1A7 /* Pods-FirebaseStorageSample.release.xcconfig */;
			buildSettings = {
				ASSETCATALOG_COMPILER_APPICON_NAME = AppIcon;
				DEVELOPMENT_TEAM = Z6KXG7589J;
				INFOPLIST_FILE = FirebaseStorageSample/Info.plist;
				LD_RUNPATH_SEARCH_PATHS = "$(inherited) @executable_path/Frameworks";
				PRODUCT_BUNDLE_IDENTIFIER = com.IdleStack.FirebaseStorageSample;
				PRODUCT_NAME = "$(TARGET_NAME)";
				SWIFT_VERSION = 3.0;
			};
			name = Release;
		};
/* End XCBuildConfiguration section */

/* Begin XCConfigurationList section */
		220AB0CD1EFDC8D800D604CC /* Build configuration list for PBXProject "FirebaseStorageSample" */ = {
			isa = XCConfigurationList;
			buildConfigurations = (
				220AB0E21EFDC8D800D604CC /* Debug */,
				220AB0E31EFDC8D800D604CC /* Release */,
			);
			defaultConfigurationIsVisible = 0;
			defaultConfigurationName = Release;
		};
		220AB0E41EFDC8D800D604CC /* Build configuration list for PBXNativeTarget "FirebaseStorageSample" */ = {
			isa = XCConfigurationList;
			buildConfigurations = (
				220AB0E51EFDC8D800D604CC /* Debug */,
				220AB0E61EFDC8D800D604CC /* Release */,
			);
			defaultConfigurationIsVisible = 0;
			defaultConfigurationName = Release;
		};
/* End XCConfigurationList section */
	};
	rootObject = 220AB0CA1EFDC8D800D604CC /* Project object */;
}
